
Microsoft Visual Studio Solution File, Format Version 12.00
# Visual Studio Version 17
VisualStudioVersion = 17.11.35327.3
MinimumVisualStudioVersion = 10.0.40219.1
Project("{9A19103F-16F7-4668-BE54-9A1E7A4F7556}") = "asp.mvc", "asp.mvc\asp.mvc.csproj", "{6FFA96D8-0927-46D5-87AD-4AA5BB700973}"
EndProject
Project("{FAE04EC0-301F-11D3-BF4B-00C04F79EFBC}") = "asp.DataAccess", "asp.DataAccess\asp.DataAccess.csproj", "{221116EC-53BA-4C76-A1A7-6FD3606295B2}"
EndProject
Project("{FAE04EC0-301F-11D3-BF4B-00C04F79EFBC}") = "asp.Models", "asp.Models\asp.Models.csproj", "{FAC9BA8F-583F-4D49-B18C-50F8F8FC33DF}"
EndProject
Project("{FAE04EC0-301F-11D3-BF4B-00C04F79EFBC}") = "asp.Utility", "asp.Utility\asp.Utility.csproj", "{558BB579-20E7-47CC-9A3F-2FA878C2D67E}"
EndProject
Project("{2150E333-8FDC-42A3-9474-1A3956D46DE8}") = "Solution Items", "Solution Items", "{B2626378-47AC-422B-93F2-E25487C9BF58}"
	ProjectSection(SolutionItems) = preProject
		.editorconfig = .editorconfig
	EndProjectSection
EndProject
Global
	GlobalSection(SolutionConfigurationPlatforms) = preSolution
		Debug|Any CPU = Debug|Any CPU
		Release|Any CPU = Release|Any CPU
	EndGlobalSection
	GlobalSection(ProjectConfigurationPlatforms) = postSolution
		{6FFA96D8-0927-46D5-87AD-4AA5BB700973}.Debug|Any CPU.ActiveCfg = Debug|Any CPU
		{6FFA96D8-0927-46D5-87AD-4AA5BB700973}.Debug|Any CPU.Build.0 = Debug|Any CPU
		{6FFA96D8-0927-46D5-87AD-4AA5BB700973}.Release|Any CPU.ActiveCfg = Release|Any CPU
		{6FFA96D8-0927-46D5-87AD-4AA5BB700973}.Release|Any CPU.Build.0 = Release|Any CPU
		{221116EC-53BA-4C76-A1A7-6FD3606295B2}.Debug|Any CPU.ActiveCfg = Debug|Any CPU
		{221116EC-53BA-4C76-A1A7-6FD3606295B2}.Debug|Any CPU.Build.0 = Debug|Any CPU
		{221116EC-53BA-4C76-A1A7-6FD3606295B2}.Release|Any CPU.ActiveCfg = Release|Any CPU
		{221116EC-53BA-4C76-A1A7-6FD3606295B2}.Release|Any CPU.Build.0 = Release|Any CPU
		{FAC9BA8F-583F-4D49-B18C-50F8F8FC33DF}.Debug|Any CPU.ActiveCfg = Debug|Any CPU
		{FAC9BA8F-583F-4D49-B18C-50F8F8FC33DF}.Debug|Any CPU.Build.0 = Debug|Any CPU
		{FAC9BA8F-583F-4D49-B18C-50F8F8FC33DF}.Release|Any CPU.ActiveCfg = Release|Any CPU
		{FAC9BA8F-583F-4D49-B18C-50F8F8FC33DF}.Release|Any CPU.Build.0 = Release|Any CPU
		{558BB579-20E7-47CC-9A3F-2FA878C2D67E}.Debug|Any CPU.ActiveCfg = Debug|Any CPU
		{558BB579-20E7-47CC-9A3F-2FA878C2D67E}.Debug|Any CPU.Build.0 = Debug|Any CPU
		{558BB579-20E7-47CC-9A3F-2FA878C2D67E}.Release|Any CPU.ActiveCfg = Release|Any CPU
		{558BB579-20E7-47CC-9A3F-2FA878C2D67E}.Release|Any CPU.Build.0 = Release|Any CPU
	EndGlobalSection
	GlobalSection(SolutionProperties) = preSolution
		HideSolutionNode = FALSE
	EndGlobalSection
	GlobalSection(ExtensibilityGlobals) = postSolution
		SolutionGuid = {C57AC266-E08A-476C-97CB-DC9A18FAF34B}
	EndGlobalSection
EndGlobal
